
Microsoft Visual Studio Solution File, Format Version 12.00
# Visual Studio Version 16
VisualStudioVersion = 16.0.31624.102
MinimumVisualStudioVersion = 10.0.40219.1
Project("{9A19103F-16F7-4668-BE54-9A1E7A4F7556}") = "ControleSe", "ControleSe\ControleSe.csproj", "{01A18B21-E2CF-4E3A-9CA1-44FDB0DE5771}"
EndProject
Project("{54435603-DBB4-11D2-8724-00A0C9A8B90C}") = "Setup", "Setup\Setup.vdproj", "{4754ED72-6B0F-4FB8-9192-6A4DB3884371}"
EndProject
Global
	GlobalSection(SolutionConfigurationPlatforms) = preSolution
		Debug|Any CPU = Debug|Any CPU
		Release|Any CPU = Release|Any CPU
	EndGlobalSection
	GlobalSection(ProjectConfigurationPlatforms) = postSolution
		{01A18B21-E2CF-4E3A-9CA1-44FDB0DE5771}.Debug|Any CPU.ActiveCfg = Debug|Any CPU
		{01A18B21-E2CF-4E3A-9CA1-44FDB0DE5771}.Debug|Any CPU.Build.0 = Debug|Any CPU
		{01A18B21-E2CF-4E3A-9CA1-44FDB0DE5771}.Release|Any CPU.ActiveCfg = Release|Any CPU
		{01A18B21-E2CF-4E3A-9CA1-44FDB0DE5771}.Release|Any CPU.Build.0 = Release|Any CPU
		{4754ED72-6B0F-4FB8-9192-6A4DB3884371}.Debug|Any CPU.ActiveCfg = Debug
		{4754ED72-6B0F-4FB8-9192-6A4DB3884371}.Release|Any CPU.ActiveCfg = Release
	EndGlobalSection
	GlobalSection(SolutionProperties) = preSolution
		HideSolutionNode = FALSE
	EndGlobalSection
	GlobalSection(ExtensibilityGlobals) = postSolution
		SolutionGuid = {F2CBDA8E-DA55-490A-9B9C-3F6D36B04356}
	EndGlobalSection
EndGlobal
